
Microsoft Visual Studio Solution File, Format Version 12.00
# Visual Studio Version 16
VisualStudioVersion = 16.0.33927.289
MinimumVisualStudioVersion = 10.0.40219.1
Project("{2150E333-8FDC-42A3-9474-1A3956D46DE8}") = "Task0", "Task0", "{B90BD1E6-EE91-4934-8FB3-0D34B4F5B653}"
EndProject
Project("{FAE04EC0-301F-11D3-BF4B-00C04F79EFBC}") = "Tyuiu.KornilovKA.Sprint2.Task0.V20", "Tyuiu.KornilovKA.Sprint2.Task0.V20\Tyuiu.KornilovKA.Sprint2.Task0.V20.csproj", "{6903013F-9EDC-4155-A494-491E5C0E99D8}"
EndProject
Project("{FAE04EC0-301F-11D3-BF4B-00C04F79EFBC}") = "Tyuiu.KornilovKA.Sprint2.Task0.V20.Lib", "Tyuiu.KornilovKA.Sprint2.Task0.V20.Lib\Tyuiu.KornilovKA.Sprint2.Task0.V20.Lib.csproj", "{76FF015A-A00A-47D9-A9CA-627F369600E2}"
EndProject
Project("{FAE04EC0-301F-11D3-BF4B-00C04F79EFBC}") = "Tyuiu.KornilovKA.Sprint2.Task0.V20.Test", "Tyuiu.KornilovKA.Sprint2.Task0.V20.Test\Tyuiu.KornilovKA.Sprint2.Task0.V20.Test.csproj", "{975E2EC4-9533-4166-87A7-E0E0A6D7AED2}"
EndProject
Project("{2150E333-8FDC-42A3-9474-1A3956D46DE8}") = "Task1", "Task1", "{6BD54C03-DE9D-4455-8FFE-0AAE9C39A86E}"
EndProject
Project("{FAE04EC0-301F-11D3-BF4B-00C04F79EFBC}") = "Tyuiu.KornilovKA.Sprint2.Task1.V26", "Tyuiu.KornilovKA.Sprint2.Task1.V26\Tyuiu.KornilovKA.Sprint2.Task1.V26.csproj", "{062E34E6-DF46-40A3-9CD6-8B53414EB39E}"
EndProject
Project("{FAE04EC0-301F-11D3-BF4B-00C04F79EFBC}") = "Tyuiu.KornilovKA.Sprint2.Task1.V26.Lib", "Tyuiu.KornilovKA.Sprint2.Task1.V26.Lib\Tyuiu.KornilovKA.Sprint2.Task1.V26.Lib.csproj", "{141FBD1B-E801-4791-AA3C-C77BD592AD44}"
EndProject
Project("{FAE04EC0-301F-11D3-BF4B-00C04F79EFBC}") = "Tyuiu.KornilovKA.Sprint2.Task1.V26.Test", "Tyuiu.KornilovKA.Sprint2.Task1.V26.Test\Tyuiu.KornilovKA.Sprint2.Task1.V26.Test.csproj", "{05935C83-25AC-415E-954C-283190D89EB2}"
EndProject
Project("{2150E333-8FDC-42A3-9474-1A3956D46DE8}") = "Task2", "Task2", "{A34F1D22-1C5C-4FE1-A154-37B615850E48}"
EndProject
Project("{FAE04EC0-301F-11D3-BF4B-00C04F79EFBC}") = "Tyuiu.KornilovKA.Sprint2.Task2.V15", "Tyuiu.KornilovKA.Sprint2.Task2.V15\Tyuiu.KornilovKA.Sprint2.Task2.V15.csproj", "{EEC1A7C3-9144-441E-B109-A38C42B3BBBE}"
EndProject
Project("{FAE04EC0-301F-11D3-BF4B-00C04F79EFBC}") = "Tyuiu.KornilovKA.Sprint2.Task2.V15.Lib", "Tyuiu.KornilovKA.Sprint2.Task2.V15.Lib\Tyuiu.KornilovKA.Sprint2.Task2.V15.Lib.csproj", "{9BBA15E6-624E-4FA9-8D1C-A5BC4C8D19F2}"
EndProject
Project("{FAE04EC0-301F-11D3-BF4B-00C04F79EFBC}") = "Tyuiu.KornilovKA.Sprint2.Task2.V15.Test", "Tyuiu.KornilovKA.Sprint2.Task2.V15.Test\Tyuiu.KornilovKA.Sprint2.Task2.V15.Test.csproj", "{F037B607-FF19-47FC-9660-F571133C22DD}"
EndProject
Project("{2150E333-8FDC-42A3-9474-1A3956D46DE8}") = "Task3", "Task3", "{175F8FF6-6F35-4014-B737-0125FB0DA416}"
EndProject
Project("{FAE04EC0-301F-11D3-BF4B-00C04F79EFBC}") = "Tyuiu.KornilovKA.Sprint2.Task3.V7", "Tyuiu.KornilovKA.Sprint2.Task3.V7\Tyuiu.KornilovKA.Sprint2.Task3.V7.csproj", "{5AC6B84F-29EF-44EC-9AB0-3F9624FFAFCF}"
EndProject
Project("{FAE04EC0-301F-11D3-BF4B-00C04F79EFBC}") = "Tyuiu.KornilovKA.Sprint2.Task3.V7.Lib", "Tyuiu.KornilovKA.Sprint2.Task3.V7.Lib\Tyuiu.KornilovKA.Sprint2.Task3.V7.Lib.csproj", "{8BF0FCEB-062D-4023-820C-5325C41BD53B}"
EndProject
Project("{FAE04EC0-301F-11D3-BF4B-00C04F79EFBC}") = "Tyuiu.KornilovKA.Sprint2.Task3.V7.Test", "Tyuiu.KornilovKA.Sprint2.Task3.V7.Test\Tyuiu.KornilovKA.Sprint2.Task3.V7.Test.csproj", "{FEF20366-90B3-4403-AF79-141DF7864506}"
EndProject
Global
	GlobalSection(SolutionConfigurationPlatforms) = preSolution
		Debug|Any CPU = Debug|Any CPU
		Release|Any CPU = Release|Any CPU
	EndGlobalSection
	GlobalSection(ProjectConfigurationPlatforms) = postSolution
		{6903013F-9EDC-4155-A494-491E5C0E99D8}.Debug|Any CPU.ActiveCfg = Debug|Any CPU
		{6903013F-9EDC-4155-A494-491E5C0E99D8}.Debug|Any CPU.Build.0 = Debug|Any CPU
		{6903013F-9EDC-4155-A494-491E5C0E99D8}.Release|Any CPU.ActiveCfg = Release|Any CPU
		{6903013F-9EDC-4155-A494-491E5C0E99D8}.Release|Any CPU.Build.0 = Release|Any CPU
		{76FF015A-A00A-47D9-A9CA-627F369600E2}.Debug|Any CPU.ActiveCfg = Debug|Any CPU
		{76FF015A-A00A-47D9-A9CA-627F369600E2}.Debug|Any CPU.Build.0 = Debug|Any CPU
		{76FF015A-A00A-47D9-A9CA-627F369600E2}.Release|Any CPU.ActiveCfg = Release|Any CPU
		{76FF015A-A00A-47D9-A9CA-627F369600E2}.Release|Any CPU.Build.0 = Release|Any CPU
		{975E2EC4-9533-4166-87A7-E0E0A6D7AED2}.Debug|Any CPU.ActiveCfg = Debug|Any CPU
		{975E2EC4-9533-4166-87A7-E0E0A6D7AED2}.Debug|Any CPU.Build.0 = Debug|Any CPU
		{975E2EC4-9533-4166-87A7-E0E0A6D7AED2}.Release|Any CPU.ActiveCfg = Release|Any CPU
		{975E2EC4-9533-4166-87A7-E0E0A6D7AED2}.Release|Any CPU.Build.0 = Release|Any CPU
		{062E34E6-DF46-40A3-9CD6-8B53414EB39E}.Debug|Any CPU.ActiveCfg = Debug|Any CPU
		{062E34E6-DF46-40A3-9CD6-8B53414EB39E}.Debug|Any CPU.Build.0 = Debug|Any CPU
		{062E34E6-DF46-40A3-9CD6-8B53414EB39E}.Release|Any CPU.ActiveCfg = Release|Any CPU
		{062E34E6-DF46-40A3-9CD6-8B53414EB39E}.Release|Any CPU.Build.0 = Release|Any CPU
		{141FBD1B-E801-4791-AA3C-C77BD592AD44}.Debug|Any CPU.ActiveCfg = Debug|Any CPU
		{141FBD1B-E801-4791-AA3C-C77BD592AD44}.Debug|Any CPU.Build.0 = Debug|Any CPU
		{141FBD1B-E801-4791-AA3C-C77BD592AD44}.Release|Any CPU.ActiveCfg = Release|Any CPU
		{141FBD1B-E801-4791-AA3C-C77BD592AD44}.Release|Any CPU.Build.0 = Release|Any CPU
		{05935C83-25AC-415E-954C-283190D89EB2}.Debug|Any CPU.ActiveCfg = Debug|Any CPU
		{05935C83-25AC-415E-954C-283190D89EB2}.Debug|Any CPU.Build.0 = Debug|Any CPU
		{05935C83-25AC-415E-954C-283190D89EB2}.Release|Any CPU.ActiveCfg = Release|Any CPU
		{05935C83-25AC-415E-954C-283190D89EB2}.Release|Any CPU.Build.0 = Release|Any CPU
		{EEC1A7C3-9144-441E-B109-A38C42B3BBBE}.Debug|Any CPU.ActiveCfg = Debug|Any CPU
		{EEC1A7C3-9144-441E-B109-A38C42B3BBBE}.Debug|Any CPU.Build.0 = Debug|Any CPU
		{EEC1A7C3-9144-441E-B109-A38C42B3BBBE}.Release|Any CPU.ActiveCfg = Release|Any CPU
		{EEC1A7C3-9144-441E-B109-A38C42B3BBBE}.Release|Any CPU.Build.0 = Release|Any CPU
		{9BBA15E6-624E-4FA9-8D1C-A5BC4C8D19F2}.Debug|Any CPU.ActiveCfg = Debug|Any CPU
		{9BBA15E6-624E-4FA9-8D1C-A5BC4C8D19F2}.Debug|Any CPU.Build.0 = Debug|Any CPU
		{9BBA15E6-624E-4FA9-8D1C-A5BC4C8D19F2}.Release|Any CPU.ActiveCfg = Release|Any CPU
		{9BBA15E6-624E-4FA9-8D1C-A5BC4C8D19F2}.Release|Any CPU.Build.0 = Release|Any CPU
		{F037B607-FF19-47FC-9660-F571133C22DD}.Debug|Any CPU.ActiveCfg = Debug|Any CPU
		{F037B607-FF19-47FC-9660-F571133C22DD}.Debug|Any CPU.Build.0 = Debug|Any CPU
		{F037B607-FF19-47FC-9660-F571133C22DD}.Release|Any CPU.ActiveCfg = Release|Any CPU
		{F037B607-FF19-47FC-9660-F571133C22DD}.Release|Any CPU.Build.0 = Release|Any CPU
		{5AC6B84F-29EF-44EC-9AB0-3F9624FFAFCF}.Debug|Any CPU.ActiveCfg = Debug|Any CPU
		{5AC6B84F-29EF-44EC-9AB0-3F9624FFAFCF}.Debug|Any CPU.Build.0 = Debug|Any CPU
		{5AC6B84F-29EF-44EC-9AB0-3F9624FFAFCF}.Release|Any CPU.ActiveCfg = Release|Any CPU
		{5AC6B84F-29EF-44EC-9AB0-3F9624FFAFCF}.Release|Any CPU.Build.0 = Release|Any CPU
		{8BF0FCEB-062D-4023-820C-5325C41BD53B}.Debug|Any CPU.ActiveCfg = Debug|Any CPU
		{8BF0FCEB-062D-4023-820C-5325C41BD53B}.Debug|Any CPU.Build.0 = Debug|Any CPU
		{8BF0FCEB-062D-4023-820C-5325C41BD53B}.Release|Any CPU.ActiveCfg = Release|Any CPU
		{8BF0FCEB-062D-4023-820C-5325C41BD53B}.Release|Any CPU.Build.0 = Release|Any CPU
		{FEF20366-90B3-4403-AF79-141DF7864506}.Debug|Any CPU.ActiveCfg = Debug|Any CPU
		{FEF20366-90B3-4403-AF79-141DF7864506}.Debug|Any CPU.Build.0 = Debug|Any CPU
		{FEF20366-90B3-4403-AF79-141DF7864506}.Release|Any CPU.ActiveCfg = Release|Any CPU
		{FEF20366-90B3-4403-AF79-141DF7864506}.Release|Any CPU.Build.0 = Release|Any CPU
	EndGlobalSection
	GlobalSection(SolutionProperties) = preSolution
		HideSolutionNode = FALSE
	EndGlobalSection
	GlobalSection(NestedProjects) = preSolution
		{6903013F-9EDC-4155-A494-491E5C0E99D8} = {B90BD1E6-EE91-4934-8FB3-0D34B4F5B653}
		{76FF015A-A00A-47D9-A9CA-627F369600E2} = {B90BD1E6-EE91-4934-8FB3-0D34B4F5B653}
		{975E2EC4-9533-4166-87A7-E0E0A6D7AED2} = {B90BD1E6-EE91-4934-8FB3-0D34B4F5B653}
		{062E34E6-DF46-40A3-9CD6-8B53414EB39E} = {6BD54C03-DE9D-4455-8FFE-0AAE9C39A86E}
		{141FBD1B-E801-4791-AA3C-C77BD592AD44} = {6BD54C03-DE9D-4455-8FFE-0AAE9C39A86E}
		{05935C83-25AC-415E-954C-283190D89EB2} = {6BD54C03-DE9D-4455-8FFE-0AAE9C39A86E}
		{EEC1A7C3-9144-441E-B109-A38C42B3BBBE} = {A34F1D22-1C5C-4FE1-A154-37B615850E48}
		{9BBA15E6-624E-4FA9-8D1C-A5BC4C8D19F2} = {A34F1D22-1C5C-4FE1-A154-37B615850E48}
		{F037B607-FF19-47FC-9660-F571133C22DD} = {A34F1D22-1C5C-4FE1-A154-37B615850E48}
		{5AC6B84F-29EF-44EC-9AB0-3F9624FFAFCF} = {175F8FF6-6F35-4014-B737-0125FB0DA416}
		{8BF0FCEB-062D-4023-820C-5325C41BD53B} = {175F8FF6-6F35-4014-B737-0125FB0DA416}
		{FEF20366-90B3-4403-AF79-141DF7864506} = {175F8FF6-6F35-4014-B737-0125FB0DA416}
	EndGlobalSection
	GlobalSection(ExtensibilityGlobals) = postSolution
		SolutionGuid = {15FE818C-1C09-4D36-9807-CEDA7C443DC5}
	EndGlobalSection
EndGlobal
